
Microsoft Visual Studio Solution File, Format Version 12.00
# Visual Studio Version 17
VisualStudioVersion = 17.7.34018.315
MinimumVisualStudioVersion = 10.0.40219.1
Project("{9A19103F-16F7-4668-BE54-9A1E7A4F7556}") = "ABM", "ABM.csproj", "{8D59CEBC-B6DF-4203-9DB6-80733135B04F}"
EndProject
Global
	GlobalSection(SolutionConfigurationPlatforms) = preSolution
		Debug|Any CPU = Debug|Any CPU
		Release|Any CPU = Release|Any CPU
	EndGlobalSection
	GlobalSection(ProjectConfigurationPlatforms) = postSolution
		{8D59CEBC-B6DF-4203-9DB6-80733135B04F}.Debug|Any CPU.ActiveCfg = Debug|Any CPU
		{8D59CEBC-B6DF-4203-9DB6-80733135B04F}.Debug|Any CPU.Build.0 = Debug|Any CPU
		{8D59CEBC-B6DF-4203-9DB6-80733135B04F}.Release|Any CPU.ActiveCfg = Release|Any CPU
		{8D59CEBC-B6DF-4203-9DB6-80733135B04F}.Release|Any CPU.Build.0 = Release|Any CPU
	EndGlobalSection
	GlobalSection(SolutionProperties) = preSolution
		HideSolutionNode = FALSE
	EndGlobalSection
	GlobalSection(ExtensibilityGlobals) = postSolution
		SolutionGuid = {8DE306C5-C85A-49B5-8159-C2F3A3ADF3CC}
	EndGlobalSection
EndGlobal
